lockfile_version: '1'
generated_at: '2026-07-01T06:54:00.889694+00:00'
dependencies: []
local_deployed_files:
- .agents/skills/apm
- .agents/skills/apm/SKILL.md
- .agents/skills/apm/references/authoring.md
- .agents/skills/apm/references/cli-operations.md
- .claude/commands/apm-agent.md
- .claude/commands/apm-instructions.md
- .claude/commands/apm-prompt.md
- .claude/commands/apm-skill.md
- .claude/commands/apm-summary.md
- .claude/commands/optimize-apm.md
- .claude/commands/review-apm.md
- .claude/commands/setup-apm.md
- .claude/rules/apm-agents.md
- .claude/rules/apm-instructions.md
- .claude/rules/apm-prompts.md
- .claude/rules/apm-skills.md
- .claude/rules/apm-yml.md
- .claude/skills/apm
- .claude/skills/apm/SKILL.md
- .claude/skills/apm/references/authoring.md
- .claude/skills/apm/references/cli-operations.md
- .gemini/commands/apm-agent.toml
- .gemini/commands/apm-instructions.toml
- .gemini/commands/apm-prompt.toml
- .gemini/commands/apm-skill.toml
- .gemini/commands/apm-summary.toml
- .gemini/commands/optimize-apm.toml
- .gemini/commands/review-apm.toml
- .gemini/commands/setup-apm.toml
- .github/instructions/apm-agents.instructions.md
- .github/instructions/apm-instructions.instructions.md
- .github/instructions/apm-prompts.instructions.md
- .github/instructions/apm-skills.instructions.md
- .github/instructions/apm-yml.instructions.md
- .github/prompts/apm-agent.prompt.md
- .github/prompts/apm-instructions.prompt.md
- .github/prompts/apm-prompt.prompt.md
- .github/prompts/apm-skill.prompt.md
- .github/prompts/apm-summary.prompt.md
- .github/prompts/optimize-apm.prompt.md
- .github/prompts/review-apm.prompt.md
- .github/prompts/setup-apm.prompt.md
local_deployed_file_hashes:
  .agents/skills/apm/SKILL.md: sha256:e084c642f9130f2f6ebc347e6ec0d0e560d7bd72df8c86efc7af57b30175fd85
  .agents/skills/apm/references/authoring.md: sha256:3adb04bb12527daeb9ff570f10e2cb5f37b665250a03dadd129a7dffde34e341
  .agents/skills/apm/references/cli-operations.md: sha256:887def05b9c15d3eb228c41d31cadf4929068cfe59ac04cc4da915563d5c9bbb
  .claude/commands/apm-agent.md: sha256:6434bcc5a163e1d2b25430390024c4ec7ae52f706254b0e872e9cc1fbb367f03
  .claude/commands/apm-instructions.md: sha256:e0533894db9442c220b9109b157c0fb68c9e7428e55a52c226ff2d78327e0744
  .claude/commands/apm-prompt.md: sha256:812f354e4ff49fa57af39328e8ffd7a02b7826b4a7adf7549b53ea9c7440ff0b
  .claude/commands/apm-skill.md: sha256:ad229a73de2161a86de0f5cb5224b10b1e1299e325e6de112e006eb78f6d2af2
  .claude/commands/apm-summary.md: sha256:0eb4c1c0007cb6e63457f6c25d1831d5674676953f0f414d351acc52abc537a9
  .claude/commands/optimize-apm.md: sha256:4cbe91e71cd11b5ae4a2245535a8a9f7771df104ca712a14ad631a627efa19d4
  .claude/commands/review-apm.md: sha256:c54c9898093fc32e84056a41375d1a981c79d288db0248cfcd742d314efd7887
  .claude/commands/setup-apm.md: sha256:d9933660184fd58acc0bff1e69f5f8b4435d4ad94ca5a014fd9a15a52c853d2a
  .claude/rules/apm-agents.md: sha256:df1a197dc40247b706171e8334065c4ed710031467d068e03c0f9363eeb555a3
  .claude/rules/apm-instructions.md: sha256:706ea45903cc0bee5cf40530c57e09982013170b6f6520522b78090c9c618e57
  .claude/rules/apm-prompts.md: sha256:fe6005ed3a553c07ca7a15a470651a804688278a5104be48b6f15b30b30f50f1
  .claude/rules/apm-skills.md: sha256:40bb77abef4091aecc727515b62296561dfa8bf6efbeb9dd32c6efce96b29639
  .claude/rules/apm-yml.md: sha256:e205a9e45fd9f8da223272ebe01d830e954c6e5eebe975f0d2100c07e2a70505
  .claude/skills/apm/SKILL.md: sha256:e084c642f9130f2f6ebc347e6ec0d0e560d7bd72df8c86efc7af57b30175fd85
  .claude/skills/apm/references/authoring.md: sha256:3adb04bb12527daeb9ff570f10e2cb5f37b665250a03dadd129a7dffde34e341
  .claude/skills/apm/references/cli-operations.md: sha256:887def05b9c15d3eb228c41d31cadf4929068cfe59ac04cc4da915563d5c9bbb
  .gemini/commands/apm-agent.toml: sha256:cc20c089b4a50273c766cd179bc55d4687e53176062f5cc620341f52111c30ac
  .gemini/commands/apm-instructions.toml: sha256:cde9e774db4dc0b7d858e8196c5348c28f24fc5731dbaa323f9e524ad2ccd46d
  .gemini/commands/apm-prompt.toml: sha256:8004f2aaf1dd540f2a5da236b0cc3d73e95d077940ce98d7871334148b302d97
  .gemini/commands/apm-skill.toml: sha256:17eeb97e0c484c89701346a11b128df154190f55b0786c507411f9c09dbade2d
  .gemini/commands/apm-summary.toml: sha256:fc5d52dfb470b11be7e4b8f458edd8d7af04e208877053e1a8cf71c72b0f261e
  .gemini/commands/optimize-apm.toml: sha256:5a837b03497a7c088e152e62be136d5b96a86ae852f12192918559fa38d50b29
  .gemini/commands/review-apm.toml: sha256:590146cfdb0348b52a18e591a58073c15da55d0d91039b15cc49763c3f70281d
  .gemini/commands/setup-apm.toml: sha256:a23b9deb651880d403b04e505648ba15255422062ad71b622c79cee9cb3b2611
  .github/instructions/apm-agents.instructions.md: sha256:f919512d66f0ede1c6c6d1eb9c271644895f29ebe46ca6f62faf375837a0a423
  .github/instructions/apm-instructions.instructions.md: sha256:b8fb40a65afeffb0f717c6554bda567aee881e8acaa2b08d854a7836b1268bbe
  .github/instructions/apm-prompts.instructions.md: sha256:115b7bb09e6c62e6364dd955eac6e08ddfcfd9c4c57e831aaa7f51f4ff2f6184
  .github/instructions/apm-skills.instructions.md: sha256:e4b69bd44e78edf178d24f86cbfdb9e589e68c328b9a9253c0f33d9ef99fc054
  .github/instructions/apm-yml.instructions.md: sha256:85fe37120b2ae6779922afc08a4e645ec3b2731087678b3ef5a33f0f905a3183
  .github/prompts/apm-agent.prompt.md: sha256:ce1be94ca3cba8a7ea6fd6c8e3c763c59b9661b68fdbe38eea998be33bb26618
  .github/prompts/apm-instructions.prompt.md: sha256:e3e8cd199d67f68944f786cfada294a7d37071be3808cd7f03837ed5a8f051d0
  .github/prompts/apm-prompt.prompt.md: sha256:892974152f01174cc77f42ddc046d60bb0eb1f4e1ce1d0c909f8d8246e5d00fa
  .github/prompts/apm-skill.prompt.md: sha256:4cc8bfa0c8ecaa2d952b9954bf868cd0dcbd05a090bcc87fc6f06688194f7573
  .github/prompts/apm-summary.prompt.md: sha256:74c386aa21c0c6fa6cd64e00db0c31914d846fbbc82f9469e1296cb18f1a5239
  .github/prompts/optimize-apm.prompt.md: sha256:ec3cb93e5e6d0f81fc356873cd617be3d032715ecc6422b67b64bf4ff75e3efa
  .github/prompts/review-apm.prompt.md: sha256:3e428cf887a574a4be37cebc15b0a82141597f180f918b621a90d1b19680bf8c
  .github/prompts/setup-apm.prompt.md: sha256:c980044d7dfeef97f2f9779162c17416d2fbc283ddde58bc9b176df797eb1f14
